
Microsoft Visual Studio Solution File, Format Version 12.00
# Visual Studio Version 16
VisualStudioVersion = 16.0.31702.278
MinimumVisualStudioVersion = 10.0.40219.1
Project("{FAE04EC0-301F-11D3-BF4B-00C04F79EFBC}") = "lab5", "lab5\lab5.csproj", "{32B3CB21-EC1D-41F5-92C2-754EDC832020}"
EndProject
Global
	GlobalSection(SolutionConfigurationPlatforms) = preSolution
		Debug|Any CPU = Debug|Any CPU
		Release|Any CPU = Release|Any CPU
	EndGlobalSection
	GlobalSection(ProjectConfigurationPlatforms) = postSolution
		{32B3CB21-EC1D-41F5-92C2-754EDC832020}.Debug|Any CPU.ActiveCfg = Debug|Any CPU
		{32B3CB21-EC1D-41F5-92C2-754EDC832020}.Debug|Any CPU.Build.0 = Debug|Any CPU
		{32B3CB21-EC1D-41F5-92C2-754EDC832020}.Release|Any CPU.ActiveCfg = Release|Any CPU
		{32B3CB21-EC1D-41F5-92C2-754EDC832020}.Release|Any CPU.Build.0 = Release|Any CPU
	EndGlobalSection
	GlobalSection(SolutionProperties) = preSolution
		HideSolutionNode = FALSE
	EndGlobalSection
	GlobalSection(ExtensibilityGlobals) = postSolution
		SolutionGuid = {B5540066-853B-4C69-AEED-70A084FE82D6}
	EndGlobalSection
EndGlobal
